<?xml version="1.0" encoding="utf-8"?>
<Project ToolsVersion="4.0" xmlns="http://schemas.microsoft.com/developer/msbuild/2003">
  <ItemGroup>
    <Filter Include="Source Files">
      <UniqueIdentifier>{4FC737F1-C7A5-4376-A066-2A32D752A2FF}</UniqueIdentifier>
      <Extensions>cpp;c;cc;cxx;c++;cppm;ixx;def;odl;idl;hpj;bat;asm;asmx</Extensions>
    </Filter>
    <Filter Include="Header Files">
      <UniqueIdentifier>{93995380-89BD-4b04-88EB-625FBE52EBFB}</UniqueIdentifier>
      <Extensions>h;hh;hpp;hxx;h++;hm;inl;inc;ipp;xsd</Extensions>
    </Filter>
    <Filter Include="Resource Files">
      <UniqueIdentifier>{67DA6AB6-F800-4c08-8B7A-83BB121AAD01}</UniqueIdentifier>
      <Extensions>rc;ico;cur;bmp;dlg;rc2;rct;bin;rgs;gif;jpg;jpeg;jpe;resx;tiff;tif;png;wav;mfcribbon-ms</Extensions>
    </Filter>
    <Filter Include="Shader Manager">
      <UniqueIdentifier>{8a46706b-610c-4944-b0e5-de5a3af7c54a}</UniqueIdentifier>
    </Filter>
    <Filter Include="Shaders">
      <UniqueIdentifier>{4150da7b-bb70-4ce4-ab4d-7eb9a205e62f}</UniqueIdentifier>
    </Filter>
    <Filter Include="Mesh Info">
      <UniqueIdentifier>{ae3f2ddd-a988-41f3-a89e-0030ed505c9d}</UniqueIdentifier>
    </Filter>
    <Filter Include="Mouse, Keyboard, FlyCamera">
      <UniqueIdentifier>{8521ffc4-547c-4307-aa04-799a3222010b}</UniqueIdentifier>
    </Filter>
    <Filter Include="Global Things">
      <UniqueIdentifier>{c9c63a2d-713f-4f4a-8575-6b8bfe672521}</UniqueIdentifier>
    </Filter>
    <Filter Include="Physics Stuff">
      <UniqueIdentifier>{4f7bcd9d-0e0d-48f5-a5ee-f6598ea09277}</UniqueIdentifier>
    </Filter>
  </ItemGroup>
  <ItemGroup>
    <ClCompile Include="Main.cpp">
      <Filter>Source Files</Filter>
    </ClCompile>
    <ClCompile Include="glad.c">
      <Filter>Source Files</Filter>
    </ClCompile>
    <ClCompile Include="PlyFileLoaders.cpp">
      <Filter>Source Files</Filter>
    </ClCompile>
    <ClCompile Include="Basic_Shader_Manager\cShader.cpp">
      <Filter>Shader Manager</Filter>
    </ClCompile>
    <ClCompile Include="Basic_Shader_Manager\cShaderManager.cpp">
      <Filter>Shader Manager</Filter>
    </ClCompile>
    <ClCompile Include="cVAOManager\cVAOManager.cpp">
      <Filter>Mesh Info</Filter>
    </ClCompile>
    <ClCompile Include="cBasicFlyCamera\cBasicFlyCamera.cpp">
      <Filter>Mouse, Keyboard, FlyCamera</Filter>
    </ClCompile>
    <ClCompile Include="sharedThings.cpp">
      <Filter>Global Things</Filter>
    </ClCompile>
    <ClCompile Include="mouse_keyboard_async.cpp">
      <Filter>Mouse, Keyboard, FlyCamera</Filter>
    </ClCompile>
    <ClCompile Include="cPhysics.cpp">
      <Filter>Physics Stuff</Filter>
    </ClCompile>
  </ItemGroup>
  <ItemGroup>
    <ClInclude Include="PlyFileLoaders.h">
      <Filter>Header Files</Filter>
    </ClInclude>
    <ClInclude Include="Basic_Shader_Manager\cShaderManager.h">
      <Filter>Shader Manager</Filter>
    </ClInclude>
    <ClInclude Include="sMesh.h">
      <Filter>Mesh Info</Filter>
    </ClInclude>
    <ClInclude Include="cVAOManager\cVAOManager.h">
      <Filter>Mesh Info</Filter>
    </ClInclude>
    <ClInclude Include="cBasicFlyCamera\cBasicFlyCamera.h">
      <Filter>Mouse, Keyboard, FlyCamera</Filter>
    </ClInclude>
    <ClInclude Include="GLCommon.h">
      <Filter>Global Things</Filter>
    </ClInclude>
    <ClInclude Include="sharedThings.h">
      <Filter>Global Things</Filter>
    </ClInclude>
    <ClInclude Include="cPhysics.h">
      <Filter>Physics Stuff</Filter>
    </ClInclude>
  </ItemGroup>
  <ItemGroup>
    <None Include="assets\shaders\fragment01.glsl">
      <Filter>Shaders</Filter>
    </None>
    <None Include="assets\shaders\vertex01.glsl">
      <Filter>Shaders</Filter>
    </None>
  </ItemGroup>
</Project>